
Microsoft Visual Studio Solution File, Format Version 12.00
# Visual Studio Version 17
VisualStudioVersion = 17.6.33829.357
MinimumVisualStudioVersion = 10.0.40219.1
Project("{FAE04EC0-301F-11D3-BF4B-00C04F79EFBC}") = "JopApplicationLibrary", "JopApplicationLibrary\JopApplicationLibrary.csproj", "{681A654D-4E15-447A-BA76-C72E62232370}"
EndProject
Project("{FAE04EC0-301F-11D3-BF4B-00C04F79EFBC}") = "JobApplicationLibrary.UnitTest", "JobApplicationLibrary.UnitTest\JobApplicationLibrary.UnitTest.csproj", "{C56AD417-8031-4394-86B8-4727CE6E3B30}"
EndProject
Global
	GlobalSection(SolutionConfigurationPlatforms) = preSolution
		Debug|Any CPU = Debug|Any CPU
		Release|Any CPU = Release|Any CPU
	EndGlobalSection
	GlobalSection(ProjectConfigurationPlatforms) = postSolution
		{681A654D-4E15-447A-BA76-C72E62232370}.Debug|Any CPU.ActiveCfg = Debug|Any CPU
		{681A654D-4E15-447A-BA76-C72E62232370}.Debug|Any CPU.Build.0 = Debug|Any CPU
		{681A654D-4E15-447A-BA76-C72E62232370}.Release|Any CPU.ActiveCfg = Release|Any CPU
		{681A654D-4E15-447A-BA76-C72E62232370}.Release|Any CPU.Build.0 = Release|Any CPU
		{C56AD417-8031-4394-86B8-4727CE6E3B30}.Debug|Any CPU.ActiveCfg = Debug|Any CPU
		{C56AD417-8031-4394-86B8-4727CE6E3B30}.Debug|Any CPU.Build.0 = Debug|Any CPU
		{C56AD417-8031-4394-86B8-4727CE6E3B30}.Release|Any CPU.ActiveCfg = Release|Any CPU
		{C56AD417-8031-4394-86B8-4727CE6E3B30}.Release|Any CPU.Build.0 = Release|Any CPU
	EndGlobalSection
	GlobalSection(SolutionProperties) = preSolution
		HideSolutionNode = FALSE
	EndGlobalSection
	GlobalSection(ExtensibilityGlobals) = postSolution
		SolutionGuid = {B3BAAC4C-2DCF-452A-B62D-D1FD539661E0}
	EndGlobalSection
EndGlobal
