
Microsoft Visual Studio Solution File, Format Version 12.00
# Visual Studio Version 17
VisualStudioVersion = 17.6.33829.357
MinimumVisualStudioVersion = 10.0.40219.1
Project("{9A19103F-16F7-4668-BE54-9A1E7A4F7556}") = "MultiThreading", "MultiThreading\MultiThreading.csproj", "{599CBE02-98D8-4882-AAED-B8099D189243}"
EndProject
Project("{FAE04EC0-301F-11D3-BF4B-00C04F79EFBC}") = "TestMailCourier", "TestMailCourier\TestMailCourier.csproj", "{F6C93922-F582-437F-858F-2C9EB8F51843}"
EndProject
Global
	GlobalSection(SolutionConfigurationPlatforms) = preSolution
		Debug|Any CPU = Debug|Any CPU
		Release|Any CPU = Release|Any CPU
	EndGlobalSection
	GlobalSection(ProjectConfigurationPlatforms) = postSolution
		{599CBE02-98D8-4882-AAED-B8099D189243}.Debug|Any CPU.ActiveCfg = Debug|Any CPU
		{599CBE02-98D8-4882-AAED-B8099D189243}.Debug|Any CPU.Build.0 = Debug|Any CPU
		{599CBE02-98D8-4882-AAED-B8099D189243}.Release|Any CPU.ActiveCfg = Release|Any CPU
		{599CBE02-98D8-4882-AAED-B8099D189243}.Release|Any CPU.Build.0 = Release|Any CPU
		{F6C93922-F582-437F-858F-2C9EB8F51843}.Debug|Any CPU.ActiveCfg = Debug|Any CPU
		{F6C93922-F582-437F-858F-2C9EB8F51843}.Debug|Any CPU.Build.0 = Debug|Any CPU
		{F6C93922-F582-437F-858F-2C9EB8F51843}.Release|Any CPU.ActiveCfg = Release|Any CPU
		{F6C93922-F582-437F-858F-2C9EB8F51843}.Release|Any CPU.Build.0 = Release|Any CPU
	EndGlobalSection
	GlobalSection(SolutionProperties) = preSolution
		HideSolutionNode = FALSE
	EndGlobalSection
	GlobalSection(ExtensibilityGlobals) = postSolution
		SolutionGuid = {E6013FD4-0D77-4E4C-BD6B-C279C1D21E94}
	EndGlobalSection
EndGlobal
